
Microsoft Visual Studio Solution File, Format Version 12.00
# Visual Studio Version 17
VisualStudioVersion = 17.4.33020.496
MinimumVisualStudioVersion = 10.0.40219.1
Project("{FAE04EC0-301F-11D3-BF4B-00C04F79EFBC}") = "ePassword", "ePassword\ePassword.csproj", "{1BFCBAAE-8C01-4742-8E8E-F5CDDBCCAEF9}"
EndProject
Global
	GlobalSection(SolutionConfigurationPlatforms) = preSolution
		Debug|Any CPU = Debug|Any CPU
		Release|Any CPU = Release|Any CPU
	EndGlobalSection
	GlobalSection(ProjectConfigurationPlatforms) = postSolution
		{1BFCBAAE-8C01-4742-8E8E-F5CDDBCCAEF9}.Debug|Any CPU.ActiveCfg = Debug|Any CPU
		{1BFCBAAE-8C01-4742-8E8E-F5CDDBCCAEF9}.Debug|Any CPU.Build.0 = Debug|Any CPU
		{1BFCBAAE-8C01-4742-8E8E-F5CDDBCCAEF9}.Release|Any CPU.ActiveCfg = Release|Any CPU
		{1BFCBAAE-8C01-4742-8E8E-F5CDDBCCAEF9}.Release|Any CPU.Build.0 = Release|Any CPU
	EndGlobalSection
	GlobalSection(SolutionProperties) = preSolution
		HideSolutionNode = FALSE
	EndGlobalSection
	GlobalSection(ExtensibilityGlobals) = postSolution
		SolutionGuid = {79F41043-EC4E-432A-8874-52CA10E70B8D}
	EndGlobalSection
EndGlobal
